
Microsoft Visual Studio Solution File, Format Version 12.00
# Visual Studio Version 17
VisualStudioVersion = 17.9.34728.123
MinimumVisualStudioVersion = 10.0.40219.1
Project("{9A19103F-16F7-4668-BE54-9A1E7A4F7556}") = "PRN231.ODataAPI", "PRN231.ODataAPI\PRN231.ODataAPI.csproj", "{A5128144-7F6F-4414-9F2F-646DAB81BB2A}"
EndProject
Project("{9A19103F-16F7-4668-BE54-9A1E7A4F7556}") = "PRN231.Services", "..\PRN231.Services\PRN231.Services.csproj", "{987C5AD1-66A3-4446-B40F-77D83EC0D193}"
EndProject
Global
	GlobalSection(SolutionConfigurationPlatforms) = preSolution
		Debug|Any CPU = Debug|Any CPU
		Release|Any CPU = Release|Any CPU
	EndGlobalSection
	GlobalSection(ProjectConfigurationPlatforms) = postSolution
		{A5128144-7F6F-4414-9F2F-646DAB81BB2A}.Debug|Any CPU.ActiveCfg = Debug|Any CPU
		{A5128144-7F6F-4414-9F2F-646DAB81BB2A}.Debug|Any CPU.Build.0 = Debug|Any CPU
		{A5128144-7F6F-4414-9F2F-646DAB81BB2A}.Release|Any CPU.ActiveCfg = Release|Any CPU
		{A5128144-7F6F-4414-9F2F-646DAB81BB2A}.Release|Any CPU.Build.0 = Release|Any CPU
		{987C5AD1-66A3-4446-B40F-77D83EC0D193}.Debug|Any CPU.ActiveCfg = Debug|Any CPU
		{987C5AD1-66A3-4446-B40F-77D83EC0D193}.Debug|Any CPU.Build.0 = Debug|Any CPU
		{987C5AD1-66A3-4446-B40F-77D83EC0D193}.Release|Any CPU.ActiveCfg = Release|Any CPU
		{987C5AD1-66A3-4446-B40F-77D83EC0D193}.Release|Any CPU.Build.0 = Release|Any CPU
	EndGlobalSection
	GlobalSection(SolutionProperties) = preSolution
		HideSolutionNode = FALSE
	EndGlobalSection
	GlobalSection(ExtensibilityGlobals) = postSolution
		SolutionGuid = {19232933-3B62-43C3-B674-DB5D1579A0D4}
	EndGlobalSection
EndGlobal
